
Microsoft Visual Studio Solution File, Format Version 12.00
# Visual Studio Version 16
VisualStudioVersion = 16.0.32510.428
MinimumVisualStudioVersion = 10.0.40219.1
Project("{FAE04EC0-301F-11D3-BF4B-00C04F79EFBC}") = "Nuget-Server", "Nuget-Server\Nuget-Server.csproj", "{FD40EC44-EE17-469A-B315-6EBD992D32EA}"
EndProject
Global
	GlobalSection(SolutionConfigurationPlatforms) = preSolution
		Debug|Any CPU = Debug|Any CPU
		Release|Any CPU = Release|Any CPU
	EndGlobalSection
	GlobalSection(ProjectConfigurationPlatforms) = postSolution
		{FD40EC44-EE17-469A-B315-6EBD992D32EA}.Debug|Any CPU.ActiveCfg = Debug|Any CPU
		{FD40EC44-EE17-469A-B315-6EBD992D32EA}.Debug|Any CPU.Build.0 = Debug|Any CPU
		{FD40EC44-EE17-469A-B315-6EBD992D32EA}.Release|Any CPU.ActiveCfg = Release|Any CPU
		{FD40EC44-EE17-469A-B315-6EBD992D32EA}.Release|Any CPU.Build.0 = Release|Any CPU
	EndGlobalSection
	GlobalSection(SolutionProperties) = preSolution
		HideSolutionNode = FALSE
	EndGlobalSection
	GlobalSection(ExtensibilityGlobals) = postSolution
		SolutionGuid = {2A2A1C28-9C7C-4011-B90E-CEE5B35695ED}
	EndGlobalSection
EndGlobal
